<?xml version="1.0" encoding="utf-8"?>
<Project ToolsVersion="4.0" xmlns="http://schemas.microsoft.com/developer/msbuild/2003">
  <ItemGroup>
    <ClCompile Include="..\shared\cJSON.c">
      <Filter>shared</Filter>
    </ClCompile>
    <ClCompile Include="..\shared\crypto.cpp">
      <Filter>shared</Filter>
    </ClCompile>
    <ClCompile Include="..\shared\geom.cpp">
      <Filter>shared</Filter>
    </ClCompile>
    <ClCompile Include="..\shared\glemu.cpp">
      <Filter>shared</Filter>
    </ClCompile>
    <ClCompile Include="..\shared\microtar.c">
      <Filter>shared</Filter>
    </ClCompile>
    <ClCompile Include="..\shared\pch.cpp">
      <Filter>shared</Filter>
    </ClCompile>
    <ClCompile Include="..\shared\stream.cpp">
      <Filter>shared</Filter>
    </ClCompile>
    <ClCompile Include="..\shared\tools.cpp">
      <Filter>shared</Filter>
    </ClCompile>
    <ClCompile Include="..\shared\zip.cpp">
      <Filter>shared</Filter>
    </ClCompile>
    <ClCompile Include="..\shared\b64\decode.c">
      <Filter>shared\b64</Filter>
    </ClCompile>
    <ClCompile Include="..\shared\b64\encode.c">
      <Filter>shared\b64</Filter>
    </ClCompile>
    <ClCompile Include="..\shared\b64\buffer.c">
      <Filter>shared\b64</Filter>
    </ClCompile>
    <ClCompile Include="..\shared\discord\achievement_manager.cpp">
      <Filter>shared\discord</Filter>
    </ClCompile>
    <ClCompile Include="..\shared\discord\activity_manager.cpp">
      <Filter>shared\discord</Filter>
    </ClCompile>
    <ClCompile Include="..\shared\discord\application_manager.cpp">
      <Filter>shared\discord</Filter>
    </ClCompile>
    <ClCompile Include="..\shared\discord\core.cpp">
      <Filter>shared\discord</Filter>
    </ClCompile>
    <ClCompile Include="..\shared\discord\image_manager.cpp">
      <Filter>shared\discord</Filter>
    </ClCompile>
    <ClCompile Include="..\shared\discord\lobby_manager.cpp">
      <Filter>shared\discord</Filter>
    </ClCompile>
    <ClCompile Include="..\shared\discord\network_manager.cpp">
      <Filter>shared\discord</Filter>
    </ClCompile>
    <ClCompile Include="..\shared\discord\overlay_manager.cpp">
      <Filter>shared\discord</Filter>
    </ClCompile>
    <ClCompile Include="..\shared\discord\relationship_manager.cpp">
      <Filter>shared\discord</Filter>
    </ClCompile>
    <ClCompile Include="..\shared\discord\storage_manager.cpp">
      <Filter>shared\discord</Filter>
    </ClCompile>
    <ClCompile Include="..\shared\discord\store_manager.cpp">
      <Filter>shared\discord</Filter>
    </ClCompile>
    <ClCompile Include="..\shared\discord\types.cpp">
      <Filter>shared\discord</Filter>
    </ClCompile>
    <ClCompile Include="..\shared\discord\user_manager.cpp">
      <Filter>shared\discord</Filter>
    </ClCompile>
    <ClCompile Include="..\shared\discord\voice_manager.cpp">
      <Filter>shared\discord</Filter>
    </ClCompile>
    <ClCompile Include="..\engine\3dgui.cpp">
      <Filter>engine</Filter>
    </ClCompile>
    <ClCompile Include="..\engine\bih.cpp">
      <Filter>engine</Filter>
    </ClCompile>
    <ClCompile Include="..\engine\blend.cpp">
      <Filter>engine</Filter>
    </ClCompile>
    <ClCompile Include="..\engine\blob.cpp">
      <Filter>engine</Filter>
    </ClCompile>
    <ClCompile Include="..\engine\client.cpp">
      <Filter>engine</Filter>
    </ClCompile>
    <ClCompile Include="..\engine\command.cpp">
      <Filter>engine</Filter>
    </ClCompile>
    <ClCompile Include="..\engine\console.cpp">
      <Filter>engine</Filter>
    </ClCompile>
    <ClCompile Include="..\engine\decal.cpp">
      <Filter>engine</Filter>
    </ClCompile>
    <ClCompile Include="..\engine\dynlight.cpp">
      <Filter>engine</Filter>
    </ClCompile>
    <ClCompile Include="..\engine\gamepad.cpp">
      <Filter>engine</Filter>
    </ClCompile>
    <ClCompile Include="..\engine\glare.cpp">
      <Filter>engine</Filter>
    </ClCompile>
    <ClCompile Include="..\engine\grass.cpp">
      <Filter>engine</Filter>
    </ClCompile>
    <ClCompile Include="..\engine\lightmap.cpp">
      <Filter>engine</Filter>
    </ClCompile>
    <ClCompile Include="..\engine\main.cpp">
      <Filter>engine</Filter>
    </ClCompile>
    <ClCompile Include="..\engine\material.cpp">
      <Filter>engine</Filter>
    </ClCompile>
    <ClCompile Include="..\engine\menus.cpp">
      <Filter>engine</Filter>
    </ClCompile>
    <ClCompile Include="..\engine\normal.cpp">
      <Filter>engine</Filter>
    </ClCompile>
    <ClCompile Include="..\engine\octa.cpp">
      <Filter>engine</Filter>
    </ClCompile>
    <ClCompile Include="..\engine\octaedit.cpp">
      <Filter>engine</Filter>
    </ClCompile>
    <ClCompile Include="..\engine\octarender.cpp">
      <Filter>engine</Filter>
    </ClCompile>
    <ClCompile Include="..\engine\pch.cpp">
      <Filter>engine</Filter>
    </ClCompile>
    <ClCompile Include="..\engine\physics.cpp">
      <Filter>engine</Filter>
    </ClCompile>
    <ClCompile Include="..\engine\pvs.cpp">
      <Filter>engine</Filter>
    </ClCompile>
    <ClCompile Include="..\engine\raw.cpp">
      <Filter>engine</Filter>
    </ClCompile>
    <ClCompile Include="..\engine\rendergl.cpp">
      <Filter>engine</Filter>
    </ClCompile>
    <ClCompile Include="..\engine\rendermodel.cpp">
      <Filter>engine</Filter>
    </ClCompile>
    <ClCompile Include="..\engine\renderparticles.cpp">
      <Filter>engine</Filter>
    </ClCompile>
    <ClCompile Include="..\engine\rendersky.cpp">
      <Filter>engine</Filter>
    </ClCompile>
    <ClCompile Include="..\engine\rendertext.cpp">
      <Filter>engine</Filter>
    </ClCompile>
    <ClCompile Include="..\engine\renderva.cpp">
      <Filter>engine</Filter>
    </ClCompile>
    <ClCompile Include="..\engine\serverbrowser.cpp">
      <Filter>engine</Filter>
    </ClCompile>
    <ClCompile Include="..\engine\server.cpp">
      <Filter>engine</Filter>
    </ClCompile>
    <ClCompile Include="..\engine\shader.cpp">
      <Filter>engine</Filter>
    </ClCompile>
    <ClCompile Include="..\engine\shadowmap.cpp">
      <Filter>engine</Filter>
    </ClCompile>
    <ClCompile Include="..\engine\sound.cpp">
      <Filter>engine</Filter>
    </ClCompile>
    <ClCompile Include="..\engine\texture.cpp">
      <Filter>engine</Filter>
    </ClCompile>
    <ClCompile Include="..\engine\translate.cpp">
      <Filter>engine</Filter>
    </ClCompile>
    <ClCompile Include="..\engine\water.cpp">
      <Filter>engine</Filter>
    </ClCompile>
    <ClCompile Include="..\engine\world.cpp">
      <Filter>engine</Filter>
    </ClCompile>
    <ClCompile Include="..\engine\worldio.cpp">
      <Filter>engine</Filter>
    </ClCompile>
    <ClCompile Include="..\fpsgame\ai.cpp">
      <Filter>fpsgame</Filter>
    </ClCompile>
    <ClCompile Include="..\fpsgame\client.cpp">
      <Filter>fpsgame</Filter>
    </ClCompile>
    <ClCompile Include="..\fpsgame\discord.cpp">
      <Filter>fpsgame</Filter>
    </ClCompile>
    <ClCompile Include="..\fpsgame\entities.cpp">
      <Filter>fpsgame</Filter>
    </ClCompile>
    <ClCompile Include="..\fpsgame\fps.cpp">
      <Filter>fpsgame</Filter>
    </ClCompile>
    <ClCompile Include="..\fpsgame\fragmessages.cpp">
      <Filter>fpsgame</Filter>
    </ClCompile>
    <ClCompile Include="..\fpsgame\pch.cpp">
      <Filter>fpsgame</Filter>
    </ClCompile>
    <ClCompile Include="..\fpsgame\render.cpp">
      <Filter>fpsgame</Filter>
    </ClCompile>
    <ClCompile Include="..\fpsgame\scoreboard.cpp">
      <Filter>fpsgame</Filter>
    </ClCompile>
    <ClCompile Include="..\fpsgame\server.cpp">
      <Filter>fpsgame</Filter>
    </ClCompile>
    <ClCompile Include="..\fpsgame\steam.cpp">
      <Filter>fpsgame</Filter>
    </ClCompile>
    <ClCompile Include="..\fpsgame\waypoint.cpp">
      <Filter>fpsgame</Filter>
    </ClCompile>
    <ClCompile Include="..\fpsgame\weapon.cpp">
      <Filter>fpsgame</Filter>
    </ClCompile>
    <ClCompile Include="..\fpsgame\weaponstats.cpp">
      <Filter>fpsgame</Filter>
    </ClCompile>
  </ItemGroup>
  <ItemGroup>
    <ClInclude Include="..\shared\command.h">
      <Filter>shared</Filter>
    </ClInclude>
    <ClInclude Include="..\shared\cube.h">
      <Filter>shared</Filter>
    </ClInclude>
    <ClInclude Include="..\shared\discord_game_sdk.h">
      <Filter>shared</Filter>
    </ClInclude>
    <ClInclude Include="..\shared\ents.h">
      <Filter>shared</Filter>
    </ClInclude>
    <ClInclude Include="..\shared\geom.h">
      <Filter>shared</Filter>
    </ClInclude>
    <ClInclude Include="..\shared\glemu.h">
      <Filter>shared</Filter>
    </ClInclude>
    <ClInclude Include="..\shared\glexts.h">
      <Filter>shared</Filter>
    </ClInclude>
    <ClInclude Include="..\shared\iengine.h">
      <Filter>shared</Filter>
    </ClInclude>
    <ClInclude Include="..\shared\igame.h">
      <Filter>shared</Filter>
    </ClInclude>
    <ClInclude Include="..\shared\tools.h">
      <Filter>shared</Filter>
    </ClInclude>
    <ClInclude Include="..\shared\b64\b64.h">
      <Filter>shared\b64</Filter>
    </ClInclude>
    <ClInclude Include="..\shared\discord\achievement_manager.h">
      <Filter>shared\discord</Filter>
    </ClInclude>
    <ClInclude Include="..\shared\discord\activity_manager.h">
      <Filter>shared\discord</Filter>
    </ClInclude>
    <ClInclude Include="..\shared\discord\application_manager.h">
      <Filter>shared\discord</Filter>
    </ClInclude>
    <ClInclude Include="..\shared\discord\core.h">
      <Filter>shared\discord</Filter>
    </ClInclude>
    <ClInclude Include="..\shared\discord\discord.h">
      <Filter>shared\discord</Filter>
    </ClInclude>
    <ClInclude Include="..\shared\discord\discord_game_sdk.h">
      <Filter>shared\discord</Filter>
    </ClInclude>
    <ClInclude Include="..\shared\discord\event.h">
      <Filter>shared\discord</Filter>
    </ClInclude>
    <ClInclude Include="..\shared\discord\ffi.h">
      <Filter>shared\discord</Filter>
    </ClInclude>
    <ClInclude Include="..\shared\discord\image_manager.h">
      <Filter>shared\discord</Filter>
    </ClInclude>
    <ClInclude Include="..\shared\discord\lobby_manager.h">
      <Filter>shared\discord</Filter>
    </ClInclude>
    <ClInclude Include="..\shared\discord\network_manager.h">
      <Filter>shared\discord</Filter>
    </ClInclude>
    <ClInclude Include="..\shared\discord\overlay_manager.h">
      <Filter>shared\discord</Filter>
    </ClInclude>
    <ClInclude Include="..\shared\discord\relationship_manager.h">
      <Filter>shared\discord</Filter>
    </ClInclude>
    <ClInclude Include="..\shared\discord\storage_manager.h">
      <Filter>shared\discord</Filter>
    </ClInclude>
    <ClInclude Include="..\shared\discord\store_manager.h">
      <Filter>shared\discord</Filter>
    </ClInclude>
    <ClInclude Include="..\shared\discord\types.h">
      <Filter>shared\discord</Filter>
    </ClInclude>
    <ClInclude Include="..\shared\discord\user_manager.h">
      <Filter>shared\discord</Filter>
    </ClInclude>
    <ClInclude Include="..\shared\discord\voice_manager.h">
      <Filter>shared\discord</Filter>
    </ClInclude>
    <ClInclude Include="..\engine\animmodel.h">
      <Filter>engine</Filter>
    </ClInclude>
    <ClInclude Include="..\engine\bih.h">
      <Filter>engine</Filter>
    </ClInclude>
    <ClInclude Include="..\engine\depthfx.h">
      <Filter>engine</Filter>
    </ClInclude>
    <ClInclude Include="..\engine\engine.h">
      <Filter>engine</Filter>
    </ClInclude>
    <ClInclude Include="..\engine\explosion.h">
      <Filter>engine</Filter>
    </ClInclude>
    <ClInclude Include="..\engine\iqm.h">
      <Filter>engine</Filter>
    </ClInclude>
    <ClInclude Include="..\engine\lensflare.h">
      <Filter>engine</Filter>
    </ClInclude>
    <ClInclude Include="..\engine\lightmap.h">
      <Filter>engine</Filter>
    </ClInclude>
    <ClInclude Include="..\engine\lightning.h">
      <Filter>engine</Filter>
    </ClInclude>
    <ClInclude Include="..\engine\md2.h">
      <Filter>engine</Filter>
    </ClInclude>
    <ClInclude Include="..\engine\md3.h">
      <Filter>engine</Filter>
    </ClInclude>
    <ClInclude Include="..\engine\md5.h">
      <Filter>engine</Filter>
    </ClInclude>
    <ClInclude Include="..\engine\model.h">
      <Filter>engine</Filter>
    </ClInclude>
    <ClInclude Include="..\engine\mpr.h">
      <Filter>engine</Filter>
    </ClInclude>
    <ClInclude Include="..\engine\obj.h">
      <Filter>engine</Filter>
    </ClInclude>
    <ClInclude Include="..\engine\octa.h">
      <Filter>engine</Filter>
    </ClInclude>
    <ClInclude Include="..\engine\ragdoll.h">
      <Filter>engine</Filter>
    </ClInclude>
    <ClInclude Include="..\engine\rendertarget.h">
      <Filter>engine</Filter>
    </ClInclude>
    <ClInclude Include="..\engine\skelmodel.h">
      <Filter>engine</Filter>
    </ClInclude>
    <ClInclude Include="..\engine\smd.h">
      <Filter>engine</Filter>
    </ClInclude>
    <ClInclude Include="..\engine\textedit.h">
      <Filter>engine</Filter>
    </ClInclude>
    <ClInclude Include="..\engine\texture.h">
      <Filter>engine</Filter>
    </ClInclude>
    <ClInclude Include="..\engine\vertmodel.h">
      <Filter>engine</Filter>
    </ClInclude>
    <ClInclude Include="..\engine\world.h">
      <Filter>engine</Filter>
    </ClInclude>
    <ClInclude Include="..\fpsgame\ai.h">
      <Filter>fpsgame</Filter>
    </ClInclude>
    <ClInclude Include="..\fpsgame\aiman.h">
      <Filter>fpsgame</Filter>
    </ClInclude>
    <ClInclude Include="..\fpsgame\capture.h">
      <Filter>fpsgame</Filter>
    </ClInclude>
    <ClInclude Include="..\fpsgame\collect.h">
      <Filter>fpsgame</Filter>
    </ClInclude>
    <ClInclude Include="..\fpsgame\colors.h">
      <Filter>fpsgame</Filter>
    </ClInclude>
    <ClInclude Include="..\fpsgame\ctf.h">
      <Filter>fpsgame</Filter>
    </ClInclude>
    <ClInclude Include="..\fpsgame\extinfo.h">
      <Filter>fpsgame</Filter>
    </ClInclude>
    <ClInclude Include="..\fpsgame\extserver.h">
      <Filter>fpsgame</Filter>
    </ClInclude>
    <ClInclude Include="..\fpsgame\game.h">
      <Filter>fpsgame</Filter>
    </ClInclude>
    <ClInclude Include="..\fpsgame\race.h">
      <Filter>fpsgame</Filter>
    </ClInclude>
    <ClInclude Include="..\fpsgame\steam.h">
      <Filter>fpsgame</Filter>
    </ClInclude>
    <ClInclude Include="..\engine\translate.h">
      <Filter>engine</Filter>
    </ClInclude>
    <ClInclude Include="..\fpsgame\weapon.h">
      <Filter>fpsgame</Filter>
    </ClInclude>
    <ClInclude Include="..\fpsgame\weaponstats.h">
      <Filter>fpsgame</Filter>
    </ClInclude>
    <ClInclude Include="..\fpsgame\weaponstats_type.h">
      <Filter>fpsgame</Filter>
    </ClInclude>
    <ClInclude Include="..\shared\cJSON.h">
      <Filter>shared</Filter>
    </ClInclude>
    <ClInclude Include="..\shared\microtar.h">
      <Filter>shared</Filter>
    </ClInclude>
    <ClInclude Include="..\fpsgame\fragmessages.h">
      <Filter>fpsgame</Filter>
    </ClInclude>
    <ClInclude Include="resource.h" />
  </ItemGroup>
  <ItemGroup>
    <Filter Include="shared">
      <UniqueIdentifier>{31e3d751-04b0-4c38-94f9-eddd8ef4c42a}</UniqueIdentifier>
    </Filter>
    <Filter Include="engine">
      <UniqueIdentifier>{37ef9828-d87f-413d-93ee-effc029b6a73}</UniqueIdentifier>
    </Filter>
    <Filter Include="fpsgame">
      <UniqueIdentifier>{9b7a70df-c8ed-4662-8380-4ffe119eb216}</UniqueIdentifier>
    </Filter>
    <Filter Include="config">
      <UniqueIdentifier>{707ff788-77de-496a-8440-1f61fb626dda}</UniqueIdentifier>
    </Filter>
    <Filter Include="config\lang">
      <UniqueIdentifier>{9e580865-6284-4b39-bbdb-ebc6058fa17f}</UniqueIdentifier>
    </Filter>
    <Filter Include="docs">
      <UniqueIdentifier>{2a4b0ce2-2226-49a6-9c7d-e4a15c9311f3}</UniqueIdentifier>
    </Filter>
    <Filter Include="shared\discord">
      <UniqueIdentifier>{4046b8b6-ab84-460e-bf7d-f194a6aa64d2}</UniqueIdentifier>
    </Filter>
    <Filter Include="shared\b64">
      <UniqueIdentifier>{c4e0bb67-4fa4-4b6f-8d4d-1a7b64abde38}</UniqueIdentifier>
    </Filter>
  </ItemGroup>
  <ItemGroup>
    <ResourceCompile Include="cardboard.rc" />
  </ItemGroup>
  <ItemGroup>
    <None Include="..\..\data\blendbrush.cfg">
      <Filter>config</Filter>
    </None>
    <None Include="..\..\data\default_map_models.cfg">
      <Filter>config</Filter>
    </None>
    <None Include="..\..\data\default_map_settings.cfg">
      <Filter>config</Filter>
    </None>
    <None Include="..\..\data\defaults.cfg">
      <Filter>config</Filter>
    </None>
    <None Include="..\..\data\font.cfg">
      <Filter>config</Filter>
    </None>
    <None Include="..\..\data\game_fps.cfg">
      <Filter>config</Filter>
    </None>
    <None Include="..\..\data\glsl.cfg">
      <Filter>config</Filter>
    </None>
    <None Include="..\..\data\heightmap.cfg">
      <Filter>config</Filter>
    </None>
    <None Include="..\..\data\keymap.cfg">
      <Filter>config</Filter>
    </None>
    <None Include="..\..\data\maps.cfg">
      <Filter>config</Filter>
    </None>
    <None Include="..\..\data\menus.cfg">
      <Filter>config</Filter>
    </None>
    <None Include="..\..\data\sounds.cfg">
      <Filter>config</Filter>
    </None>
    <None Include="..\..\data\stdedit.cfg">
      <Filter>config</Filter>
    </None>
    <None Include="..\..\data\stdlib.cfg">
      <Filter>config</Filter>
    </None>
    <None Include="..\..\config.cfg">
      <Filter>config</Filter>
    </None>
    <None Include="..\..\init.cfg">
      <Filter>config</Filter>
    </None>
    <None Include="..\..\restore.cfg">
      <Filter>config</Filter>
    </None>
    <None Include="..\..\server-init.cfg">
      <Filter>config</Filter>
    </None>
    <None Include="..\..\servers.cfg">
      <Filter>config</Filter>
    </None>
    <None Include="..\..\packages\lang\en_US.cfg">
      <Filter>config\lang</Filter>
    </None>
    <None Include="..\..\packages\lang\fr_CA.cfg">
      <Filter>config\lang</Filter>
    </None>
    <None Include="..\..\docs\config.html">
      <Filter>docs</Filter>
    </None>
    <None Include="..\..\docs\editing.html">
      <Filter>docs</Filter>
    </None>
    <None Include="..\..\docs\editref.html">
      <Filter>docs</Filter>
    </None>
    <None Include="..\..\docs\game.html">
      <Filter>docs</Filter>
    </None>
    <None Include="..\..\docs\index.html">
      <Filter>docs</Filter>
    </None>
    <None Include="..\..\docs\models.html">
      <Filter>docs</Filter>
    </None>
    <None Include="..\..\launcher.json">
      <Filter>config</Filter>
    </None>
    <None Include="..\..\packages\lang\de_DE.cfg">
      <Filter>config\lang</Filter>
    </None>
    <None Include="..\..\packages\lang\nl_NL.cfg">
      <Filter>config\lang</Filter>
    </None>
    <None Include="..\..\packages\lang\ru_RU.cfg">
      <Filter>config\lang</Filter>
    </None>
    <None Include="..\..\data\default_keys.cfg">
      <Filter>config</Filter>
    </None>
    <None Include="..\..\data\gamepad.cfg">
      <Filter>config</Filter>
    </None>
    <None Include="..\..\README.md" />
  </ItemGroup>
  <ItemGroup>
    <Text Include="..\..\CMakeLists.txt" />
  </ItemGroup>
  <ItemGroup>
    <Image Include="cardboard.ico" />
  </ItemGroup>
</Project>